
Microsoft Visual Studio Solution File, Format Version 12.00
# Visual Studio Version 17
VisualStudioVersion = 17.0.32126.317
MinimumVisualStudioVersion = 10.0.40219.1
Project("{FAE04EC0-301F-11D3-BF4B-00C04F79EFBC}") = "Akog_Assignment3", "Akog_Assignment3\Akog_Assignment3.csproj", "{4FDD6140-BE4C-4DA4-8322-952EB733D988}"
EndProject
Global
	GlobalSection(SolutionConfigurationPlatforms) = preSolution
		Debug|Any CPU = Debug|Any CPU
		Release|Any CPU = Release|Any CPU
	EndGlobalSection
	GlobalSection(ProjectConfigurationPlatforms) = postSolution
		{4FDD6140-BE4C-4DA4-8322-952EB733D988}.Debug|Any CPU.ActiveCfg = Debug|Any CPU
		{4FDD6140-BE4C-4DA4-8322-952EB733D988}.Debug|Any CPU.Build.0 = Debug|Any CPU
		{4FDD6140-BE4C-4DA4-8322-952EB733D988}.Release|Any CPU.ActiveCfg = Release|Any CPU
		{4FDD6140-BE4C-4DA4-8322-952EB733D988}.Release|Any CPU.Build.0 = Release|Any CPU
	EndGlobalSection
	GlobalSection(SolutionProperties) = preSolution
		HideSolutionNode = FALSE
	EndGlobalSection
	GlobalSection(ExtensibilityGlobals) = postSolution
		SolutionGuid = {7A39F309-1034-4AC5-A18D-1E302567151E}
	EndGlobalSection
EndGlobal
